
Microsoft Visual Studio Solution File, Format Version 12.00
# Visual Studio 15
VisualStudioVersion = 15.0.26430.14
MinimumVisualStudioVersion = 10.0.40219.1
Project("{FAE04EC0-301F-11D3-BF4B-00C04F79EFBC}") = "Apps.Web", "Apps.Web\Apps.Web.csproj", "{A22F53F2-3AC9-4D3E-AD6C-8EB6937B1499}"
EndProject
Project("{2150E333-8FDC-42A3-9474-1A3956D46DE8}") = "Apps.Base", "Apps.Base", "{D3FFF002-118F-4BF6-A72C-91AF779A14EA}"
EndProject
Project("{FAE04EC0-301F-11D3-BF4B-00C04F79EFBC}") = "Apps.IDAL", "Apps.IDAL\Apps.IDAL.csproj", "{F1234878-591C-4114-8F97-D106C716FCBF}"
EndProject
Project("{FAE04EC0-301F-11D3-BF4B-00C04F79EFBC}") = "Apps.DAL", "Apps.DAL\Apps.DAL.csproj", "{941AD107-17F0-444C-A4D5-E9570FBF3081}"
EndProject
Project("{FAE04EC0-301F-11D3-BF4B-00C04F79EFBC}") = "Apps.IBLL", "Apps.IBLL\Apps.IBLL.csproj", "{ED76F4F9-8943-4DF0-88A9-1CBD2CFCE4E4}"
EndProject
Project("{FAE04EC0-301F-11D3-BF4B-00C04F79EFBC}") = "Apps.BLL", "Apps.BLL\Apps.BLL.csproj", "{0EEDA2CA-C30B-4942-A56B-BDAFDE373565}"
EndProject
Project("{FAE04EC0-301F-11D3-BF4B-00C04F79EFBC}") = "Apps.Models", "Apps.Models\Apps.Models.csproj", "{3E84A97E-DF41-4496-9DFF-C650595E23D8}"
EndProject
Project("{FAE04EC0-301F-11D3-BF4B-00C04F79EFBC}") = "Apps.Common", "Apps.Common\Apps.Common.csproj", "{4856665D-6F8C-4EAB-A349-B9B0286F86FC}"
EndProject
Project("{FAE04EC0-301F-11D3-BF4B-00C04F79EFBC}") = "Apps.Core", "Apps.Core\Apps.Core.csproj", "{A0EDF8B7-F427-491C-90B6-F3A2BF02ADEA}"
EndProject
Project("{FAE04EC0-301F-11D3-BF4B-00C04F79EFBC}") = "Apps.T4", "Apps.T4\Apps.T4.csproj", "{812B2EFD-42D6-45A9-AD23-D3B5D97232D0}"
EndProject
Project("{2150E333-8FDC-42A3-9474-1A3956D46DE8}") = "Apps.MIS", "Apps.MIS", "{C85DAB3A-E796-40C9-B281-AAEFFAA7A3A3}"
EndProject
Project("{FAE04EC0-301F-11D3-BF4B-00C04F79EFBC}") = "Apps.MIS.IBLL", "Apps.MIS.IBLL\Apps.MIS.IBLL.csproj", "{441FFE4D-BEB3-46FE-84C4-DECF072F0A90}"
EndProject
Project("{FAE04EC0-301F-11D3-BF4B-00C04F79EFBC}") = "Apps.MIS.IDAL", "Apps.MIS.IDAL\Apps.MIS.IDAL.csproj", "{EA906924-BF1A-46FE-B579-B5C4269661F8}"
EndProject
Project("{FAE04EC0-301F-11D3-BF4B-00C04F79EFBC}") = "Apps.MIS.DAL", "Apps.MIS.DAL\Apps.MIS.DAL.csproj", "{BEE452DB-5EC7-4021-B967-E28B27862A2D}"
EndProject
Project("{FAE04EC0-301F-11D3-BF4B-00C04F79EFBC}") = "Apps.MIS.BLL", "Apps.MIS.BLL\Apps.MIS.BLL.csproj", "{410F3276-66DD-4310-A9F8-7C16D08647D7}"
EndProject
Project("{2150E333-8FDC-42A3-9474-1A3956D46DE8}") = "Apps.Flow", "Apps.Flow", "{AD607A81-596B-452D-AA62-437EF7DC6F73}"
EndProject
Project("{FAE04EC0-301F-11D3-BF4B-00C04F79EFBC}") = "Apps.Flow.IDAL", "Apps.Flow.IDAL\Apps.Flow.IDAL.csproj", "{DA4BDF78-525B-4ADE-BFF7-D2C4F0CC6DE4}"
EndProject
Project("{FAE04EC0-301F-11D3-BF4B-00C04F79EFBC}") = "Apps.Flow.DAL", "Apps.Flow.DAL\Apps.Flow.DAL.csproj", "{FE3AD817-9FE2-42E6-8E6A-B32F94E1CF1D}"
EndProject
Project("{FAE04EC0-301F-11D3-BF4B-00C04F79EFBC}") = "Apps.Flow.IBLL", "Apps.Flow.IBLL\Apps.Flow.IBLL.csproj", "{925A5F9D-5F49-44CC-BBEC-E5B63FBC4CC9}"
EndProject
Project("{FAE04EC0-301F-11D3-BF4B-00C04F79EFBC}") = "Apps.Flow.BLL", "Apps.Flow.BLL\Apps.Flow.BLL.csproj", "{CCEC3E86-E6C7-4EFD-8D78-0972174CC060}"
EndProject
Project("{FAE04EC0-301F-11D3-BF4B-00C04F79EFBC}") = "Apps.Flow.Models", "Apps.Flow.Models\Apps.Flow.Models.csproj", "{38B52506-D183-4416-9071-C86D9B37B82A}"
EndProject
Global
	GlobalSection(SolutionConfigurationPlatforms) = preSolution
		Debug|Any CPU = Debug|Any CPU
		Release|Any CPU = Release|Any CPU
	EndGlobalSection
	GlobalSection(ProjectConfigurationPlatforms) = postSolution
		{A22F53F2-3AC9-4D3E-AD6C-8EB6937B1499}.Debug|Any CPU.ActiveCfg = Debug|Any CPU
		{A22F53F2-3AC9-4D3E-AD6C-8EB6937B1499}.Debug|Any CPU.Build.0 = Debug|Any CPU
		{A22F53F2-3AC9-4D3E-AD6C-8EB6937B1499}.Release|Any CPU.ActiveCfg = Release|Any CPU
		{A22F53F2-3AC9-4D3E-AD6C-8EB6937B1499}.Release|Any CPU.Build.0 = Release|Any CPU
		{F1234878-591C-4114-8F97-D106C716FCBF}.Debug|Any CPU.ActiveCfg = Debug|Any CPU
		{F1234878-591C-4114-8F97-D106C716FCBF}.Debug|Any CPU.Build.0 = Debug|Any CPU
		{F1234878-591C-4114-8F97-D106C716FCBF}.Release|Any CPU.ActiveCfg = Release|Any CPU
		{F1234878-591C-4114-8F97-D106C716FCBF}.Release|Any CPU.Build.0 = Release|Any CPU
		{941AD107-17F0-444C-A4D5-E9570FBF3081}.Debug|Any CPU.ActiveCfg = Debug|Any CPU
		{941AD107-17F0-444C-A4D5-E9570FBF3081}.Debug|Any CPU.Build.0 = Debug|Any CPU
		{941AD107-17F0-444C-A4D5-E9570FBF3081}.Release|Any CPU.ActiveCfg = Release|Any CPU
		{941AD107-17F0-444C-A4D5-E9570FBF3081}.Release|Any CPU.Build.0 = Release|Any CPU
		{ED76F4F9-8943-4DF0-88A9-1CBD2CFCE4E4}.Debug|Any CPU.ActiveCfg = Debug|Any CPU
		{ED76F4F9-8943-4DF0-88A9-1CBD2CFCE4E4}.Debug|Any CPU.Build.0 = Debug|Any CPU
		{ED76F4F9-8943-4DF0-88A9-1CBD2CFCE4E4}.Release|Any CPU.ActiveCfg = Release|Any CPU
		{ED76F4F9-8943-4DF0-88A9-1CBD2CFCE4E4}.Release|Any CPU.Build.0 = Release|Any CPU
		{0EEDA2CA-C30B-4942-A56B-BDAFDE373565}.Debug|Any CPU.ActiveCfg = Debug|Any CPU
		{0EEDA2CA-C30B-4942-A56B-BDAFDE373565}.Debug|Any CPU.Build.0 = Debug|Any CPU
		{0EEDA2CA-C30B-4942-A56B-BDAFDE373565}.Release|Any CPU.ActiveCfg = Release|Any CPU
		{0EEDA2CA-C30B-4942-A56B-BDAFDE373565}.Release|Any CPU.Build.0 = Release|Any CPU
		{3E84A97E-DF41-4496-9DFF-C650595E23D8}.Debug|Any CPU.ActiveCfg = Debug|Any CPU
		{3E84A97E-DF41-4496-9DFF-C650595E23D8}.Debug|Any CPU.Build.0 = Debug|Any CPU
		{3E84A97E-DF41-4496-9DFF-C650595E23D8}.Release|Any CPU.ActiveCfg = Release|Any CPU
		{3E84A97E-DF41-4496-9DFF-C650595E23D8}.Release|Any CPU.Build.0 = Release|Any CPU
		{4856665D-6F8C-4EAB-A349-B9B0286F86FC}.Debug|Any CPU.ActiveCfg = Debug|Any CPU
		{4856665D-6F8C-4EAB-A349-B9B0286F86FC}.Debug|Any CPU.Build.0 = Debug|Any CPU
		{4856665D-6F8C-4EAB-A349-B9B0286F86FC}.Release|Any CPU.ActiveCfg = Release|Any CPU
		{4856665D-6F8C-4EAB-A349-B9B0286F86FC}.Release|Any CPU.Build.0 = Release|Any CPU
		{A0EDF8B7-F427-491C-90B6-F3A2BF02ADEA}.Debug|Any CPU.ActiveCfg = Debug|Any CPU
		{A0EDF8B7-F427-491C-90B6-F3A2BF02ADEA}.Debug|Any CPU.Build.0 = Debug|Any CPU
		{A0EDF8B7-F427-491C-90B6-F3A2BF02ADEA}.Release|Any CPU.ActiveCfg = Release|Any CPU
		{A0EDF8B7-F427-491C-90B6-F3A2BF02ADEA}.Release|Any CPU.Build.0 = Release|Any CPU
		{812B2EFD-42D6-45A9-AD23-D3B5D97232D0}.Debug|Any CPU.ActiveCfg = Debug|Any CPU
		{812B2EFD-42D6-45A9-AD23-D3B5D97232D0}.Debug|Any CPU.Build.0 = Debug|Any CPU
		{812B2EFD-42D6-45A9-AD23-D3B5D97232D0}.Release|Any CPU.ActiveCfg = Release|Any CPU
		{812B2EFD-42D6-45A9-AD23-D3B5D97232D0}.Release|Any CPU.Build.0 = Release|Any CPU
		{441FFE4D-BEB3-46FE-84C4-DECF072F0A90}.Debug|Any CPU.ActiveCfg = Debug|Any CPU
		{441FFE4D-BEB3-46FE-84C4-DECF072F0A90}.Debug|Any CPU.Build.0 = Debug|Any CPU
		{441FFE4D-BEB3-46FE-84C4-DECF072F0A90}.Release|Any CPU.ActiveCfg = Release|Any CPU
		{441FFE4D-BEB3-46FE-84C4-DECF072F0A90}.Release|Any CPU.Build.0 = Release|Any CPU
		{EA906924-BF1A-46FE-B579-B5C4269661F8}.Debug|Any CPU.ActiveCfg = Debug|Any CPU
		{EA906924-BF1A-46FE-B579-B5C4269661F8}.Debug|Any CPU.Build.0 = Debug|Any CPU
		{EA906924-BF1A-46FE-B579-B5C4269661F8}.Release|Any CPU.ActiveCfg = Release|Any CPU
		{EA906924-BF1A-46FE-B579-B5C4269661F8}.Release|Any CPU.Build.0 = Release|Any CPU
		{BEE452DB-5EC7-4021-B967-E28B27862A2D}.Debug|Any CPU.ActiveCfg = Debug|Any CPU
		{BEE452DB-5EC7-4021-B967-E28B27862A2D}.Debug|Any CPU.Build.0 = Debug|Any CPU
		{BEE452DB-5EC7-4021-B967-E28B27862A2D}.Release|Any CPU.ActiveCfg = Release|Any CPU
		{BEE452DB-5EC7-4021-B967-E28B27862A2D}.Release|Any CPU.Build.0 = Release|Any CPU
		{410F3276-66DD-4310-A9F8-7C16D08647D7}.Debug|Any CPU.ActiveCfg = Debug|Any CPU
		{410F3276-66DD-4310-A9F8-7C16D08647D7}.Debug|Any CPU.Build.0 = Debug|Any CPU
		{410F3276-66DD-4310-A9F8-7C16D08647D7}.Release|Any CPU.ActiveCfg = Release|Any CPU
		{410F3276-66DD-4310-A9F8-7C16D08647D7}.Release|Any CPU.Build.0 = Release|Any CPU
		{DA4BDF78-525B-4ADE-BFF7-D2C4F0CC6DE4}.Debug|Any CPU.ActiveCfg = Debug|Any CPU
		{DA4BDF78-525B-4ADE-BFF7-D2C4F0CC6DE4}.Debug|Any CPU.Build.0 = Debug|Any CPU
		{DA4BDF78-525B-4ADE-BFF7-D2C4F0CC6DE4}.Release|Any CPU.ActiveCfg = Release|Any CPU
		{DA4BDF78-525B-4ADE-BFF7-D2C4F0CC6DE4}.Release|Any CPU.Build.0 = Release|Any CPU
		{FE3AD817-9FE2-42E6-8E6A-B32F94E1CF1D}.Debug|Any CPU.ActiveCfg = Debug|Any CPU
		{FE3AD817-9FE2-42E6-8E6A-B32F94E1CF1D}.Debug|Any CPU.Build.0 = Debug|Any CPU
		{FE3AD817-9FE2-42E6-8E6A-B32F94E1CF1D}.Release|Any CPU.ActiveCfg = Release|Any CPU
		{FE3AD817-9FE2-42E6-8E6A-B32F94E1CF1D}.Release|Any CPU.Build.0 = Release|Any CPU
		{925A5F9D-5F49-44CC-BBEC-E5B63FBC4CC9}.Debug|Any CPU.ActiveCfg = Debug|Any CPU
		{925A5F9D-5F49-44CC-BBEC-E5B63FBC4CC9}.Debug|Any CPU.Build.0 = Debug|Any CPU
		{925A5F9D-5F49-44CC-BBEC-E5B63FBC4CC9}.Release|Any CPU.ActiveCfg = Release|Any CPU
		{925A5F9D-5F49-44CC-BBEC-E5B63FBC4CC9}.Release|Any CPU.Build.0 = Release|Any CPU
		{CCEC3E86-E6C7-4EFD-8D78-0972174CC060}.Debug|Any CPU.ActiveCfg = Debug|Any CPU
		{CCEC3E86-E6C7-4EFD-8D78-0972174CC060}.Debug|Any CPU.Build.0 = Debug|Any CPU
		{CCEC3E86-E6C7-4EFD-8D78-0972174CC060}.Release|Any CPU.ActiveCfg = Release|Any CPU
		{CCEC3E86-E6C7-4EFD-8D78-0972174CC060}.Release|Any CPU.Build.0 = Release|Any CPU
		{38B52506-D183-4416-9071-C86D9B37B82A}.Debug|Any CPU.ActiveCfg = Debug|Any CPU
		{38B52506-D183-4416-9071-C86D9B37B82A}.Debug|Any CPU.Build.0 = Debug|Any CPU
		{38B52506-D183-4416-9071-C86D9B37B82A}.Release|Any CPU.ActiveCfg = Release|Any CPU
		{38B52506-D183-4416-9071-C86D9B37B82A}.Release|Any CPU.Build.0 = Release|Any CPU
	EndGlobalSection
	GlobalSection(SolutionProperties) = preSolution
		HideSolutionNode = FALSE
	EndGlobalSection
	GlobalSection(NestedProjects) = preSolution
		{F1234878-591C-4114-8F97-D106C716FCBF} = {D3FFF002-118F-4BF6-A72C-91AF779A14EA}
		{941AD107-17F0-444C-A4D5-E9570FBF3081} = {D3FFF002-118F-4BF6-A72C-91AF779A14EA}
		{ED76F4F9-8943-4DF0-88A9-1CBD2CFCE4E4} = {D3FFF002-118F-4BF6-A72C-91AF779A14EA}
		{0EEDA2CA-C30B-4942-A56B-BDAFDE373565} = {D3FFF002-118F-4BF6-A72C-91AF779A14EA}
		{441FFE4D-BEB3-46FE-84C4-DECF072F0A90} = {C85DAB3A-E796-40C9-B281-AAEFFAA7A3A3}
		{EA906924-BF1A-46FE-B579-B5C4269661F8} = {C85DAB3A-E796-40C9-B281-AAEFFAA7A3A3}
		{BEE452DB-5EC7-4021-B967-E28B27862A2D} = {C85DAB3A-E796-40C9-B281-AAEFFAA7A3A3}
		{410F3276-66DD-4310-A9F8-7C16D08647D7} = {C85DAB3A-E796-40C9-B281-AAEFFAA7A3A3}
		{DA4BDF78-525B-4ADE-BFF7-D2C4F0CC6DE4} = {AD607A81-596B-452D-AA62-437EF7DC6F73}
		{FE3AD817-9FE2-42E6-8E6A-B32F94E1CF1D} = {AD607A81-596B-452D-AA62-437EF7DC6F73}
		{925A5F9D-5F49-44CC-BBEC-E5B63FBC4CC9} = {AD607A81-596B-452D-AA62-437EF7DC6F73}
		{CCEC3E86-E6C7-4EFD-8D78-0972174CC060} = {AD607A81-596B-452D-AA62-437EF7DC6F73}
		{38B52506-D183-4416-9071-C86D9B37B82A} = {AD607A81-596B-452D-AA62-437EF7DC6F73}
	EndGlobalSection
EndGlobal
