
Microsoft Visual Studio Solution File, Format Version 12.00
# Visual Studio 15
VisualStudioVersion = 15.0.26430.14
MinimumVisualStudioVersion = 10.0.40219.1
Project("{FAE04EC0-301F-11D3-BF4B-00C04F79EFBC}") = "Apps.Web", "Apps.Web\Apps.Web.csproj", "{A22F53F2-3AC9-4D3E-AD6C-8EB6937B1499}"
EndProject
Project("{2150E333-8FDC-42A3-9474-1A3956D46DE8}") = "Apps.Base", "Apps.Base", "{D3FFF002-118F-4BF6-A72C-91AF779A14EA}"
EndProject
Project("{FAE04EC0-301F-11D3-BF4B-00C04F79EFBC}") = "Apps.IDAL", "Apps.IDAL\Apps.IDAL.csproj", "{F1234878-591C-4114-8F97-D106C716FCBF}"
EndProject
Project("{FAE04EC0-301F-11D3-BF4B-00C04F79EFBC}") = "Apps.DAL", "Apps.DAL\Apps.DAL.csproj", "{941AD107-17F0-444C-A4D5-E9570FBF3081}"
EndProject
Project("{FAE04EC0-301F-11D3-BF4B-00C04F79EFBC}") = "Apps.IBLL", "Apps.IBLL\Apps.IBLL.csproj", "{ED76F4F9-8943-4DF0-88A9-1CBD2CFCE4E4}"
EndProject
Project("{FAE04EC0-301F-11D3-BF4B-00C04F79EFBC}") = "Apps.BLL", "Apps.BLL\Apps.BLL.csproj", "{0EEDA2CA-C30B-4942-A56B-BDAFDE373565}"
EndProject
Project("{FAE04EC0-301F-11D3-BF4B-00C04F79EFBC}") = "Apps.Models", "Apps.Models\Apps.Models.csproj", "{3E84A97E-DF41-4496-9DFF-C650595E23D8}"
EndProject
Project("{FAE04EC0-301F-11D3-BF4B-00C04F79EFBC}") = "Apps.Common", "Apps.Common\Apps.Common.csproj", "{4856665D-6F8C-4EAB-A349-B9B0286F86FC}"
EndProject
Project("{FAE04EC0-301F-11D3-BF4B-00C04F79EFBC}") = "Apps.Core", "Apps.Core\Apps.Core.csproj", "{A0EDF8B7-F427-491C-90B6-F3A2BF02ADEA}"
EndProject
Project("{FAE04EC0-301F-11D3-BF4B-00C04F79EFBC}") = "Apps.T4", "Apps.T4\Apps.T4.csproj", "{812B2EFD-42D6-45A9-AD23-D3B5D97232D0}"
EndProject
Global
	GlobalSection(SolutionConfigurationPlatforms) = preSolution
		Debug|Any CPU = Debug|Any CPU
		Release|Any CPU = Release|Any CPU
	EndGlobalSection
	GlobalSection(ProjectConfigurationPlatforms) = postSolution
		{A22F53F2-3AC9-4D3E-AD6C-8EB6937B1499}.Debug|Any CPU.ActiveCfg = Debug|Any CPU
		{A22F53F2-3AC9-4D3E-AD6C-8EB6937B1499}.Debug|Any CPU.Build.0 = Debug|Any CPU
		{A22F53F2-3AC9-4D3E-AD6C-8EB6937B1499}.Release|Any CPU.ActiveCfg = Release|Any CPU
		{A22F53F2-3AC9-4D3E-AD6C-8EB6937B1499}.Release|Any CPU.Build.0 = Release|Any CPU
		{F1234878-591C-4114-8F97-D106C716FCBF}.Debug|Any CPU.ActiveCfg = Debug|Any CPU
		{F1234878-591C-4114-8F97-D106C716FCBF}.Debug|Any CPU.Build.0 = Debug|Any CPU
		{F1234878-591C-4114-8F97-D106C716FCBF}.Release|Any CPU.ActiveCfg = Release|Any CPU
		{F1234878-591C-4114-8F97-D106C716FCBF}.Release|Any CPU.Build.0 = Release|Any CPU
		{941AD107-17F0-444C-A4D5-E9570FBF3081}.Debug|Any CPU.ActiveCfg = Debug|Any CPU
		{941AD107-17F0-444C-A4D5-E9570FBF3081}.Debug|Any CPU.Build.0 = Debug|Any CPU
		{941AD107-17F0-444C-A4D5-E9570FBF3081}.Release|Any CPU.ActiveCfg = Release|Any CPU
		{941AD107-17F0-444C-A4D5-E9570FBF3081}.Release|Any CPU.Build.0 = Release|Any CPU
		{ED76F4F9-8943-4DF0-88A9-1CBD2CFCE4E4}.Debug|Any CPU.ActiveCfg = Debug|Any CPU
		{ED76F4F9-8943-4DF0-88A9-1CBD2CFCE4E4}.Debug|Any CPU.Build.0 = Debug|Any CPU
		{ED76F4F9-8943-4DF0-88A9-1CBD2CFCE4E4}.Release|Any CPU.ActiveCfg = Release|Any CPU
		{ED76F4F9-8943-4DF0-88A9-1CBD2CFCE4E4}.Release|Any CPU.Build.0 = Release|Any CPU
		{0EEDA2CA-C30B-4942-A56B-BDAFDE373565}.Debug|Any CPU.ActiveCfg = Debug|Any CPU
		{0EEDA2CA-C30B-4942-A56B-BDAFDE373565}.Debug|Any CPU.Build.0 = Debug|Any CPU
		{0EEDA2CA-C30B-4942-A56B-BDAFDE373565}.Release|Any CPU.ActiveCfg = Release|Any CPU
		{0EEDA2CA-C30B-4942-A56B-BDAFDE373565}.Release|Any CPU.Build.0 = Release|Any CPU
		{3E84A97E-DF41-4496-9DFF-C650595E23D8}.Debug|Any CPU.ActiveCfg = Debug|Any CPU
		{3E84A97E-DF41-4496-9DFF-C650595E23D8}.Debug|Any CPU.Build.0 = Debug|Any CPU
		{3E84A97E-DF41-4496-9DFF-C650595E23D8}.Release|Any CPU.ActiveCfg = Release|Any CPU
		{3E84A97E-DF41-4496-9DFF-C650595E23D8}.Release|Any CPU.Build.0 = Release|Any CPU
		{4856665D-6F8C-4EAB-A349-B9B0286F86FC}.Debug|Any CPU.ActiveCfg = Debug|Any CPU
		{4856665D-6F8C-4EAB-A349-B9B0286F86FC}.Debug|Any CPU.Build.0 = Debug|Any CPU
		{4856665D-6F8C-4EAB-A349-B9B0286F86FC}.Release|Any CPU.ActiveCfg = Release|Any CPU
		{4856665D-6F8C-4EAB-A349-B9B0286F86FC}.Release|Any CPU.Build.0 = Release|Any CPU
		{A0EDF8B7-F427-491C-90B6-F3A2BF02ADEA}.Debug|Any CPU.ActiveCfg = Debug|Any CPU
		{A0EDF8B7-F427-491C-90B6-F3A2BF02ADEA}.Debug|Any CPU.Build.0 = Debug|Any CPU
		{A0EDF8B7-F427-491C-90B6-F3A2BF02ADEA}.Release|Any CPU.ActiveCfg = Release|Any CPU
		{A0EDF8B7-F427-491C-90B6-F3A2BF02ADEA}.Release|Any CPU.Build.0 = Release|Any CPU
		{812B2EFD-42D6-45A9-AD23-D3B5D97232D0}.Debug|Any CPU.ActiveCfg = Debug|Any CPU
		{812B2EFD-42D6-45A9-AD23-D3B5D97232D0}.Debug|Any CPU.Build.0 = Debug|Any CPU
		{812B2EFD-42D6-45A9-AD23-D3B5D97232D0}.Release|Any CPU.ActiveCfg = Release|Any CPU
		{812B2EFD-42D6-45A9-AD23-D3B5D97232D0}.Release|Any CPU.Build.0 = Release|Any CPU
	EndGlobalSection
	GlobalSection(SolutionProperties) = preSolution
		HideSolutionNode = FALSE
	EndGlobalSection
	GlobalSection(NestedProjects) = preSolution
		{F1234878-591C-4114-8F97-D106C716FCBF} = {D3FFF002-118F-4BF6-A72C-91AF779A14EA}
		{941AD107-17F0-444C-A4D5-E9570FBF3081} = {D3FFF002-118F-4BF6-A72C-91AF779A14EA}
		{ED76F4F9-8943-4DF0-88A9-1CBD2CFCE4E4} = {D3FFF002-118F-4BF6-A72C-91AF779A14EA}
		{0EEDA2CA-C30B-4942-A56B-BDAFDE373565} = {D3FFF002-118F-4BF6-A72C-91AF779A14EA}
	EndGlobalSection
EndGlobal
